{
  "name": "gatsby-transformer-xml",
  "version": "1.0.0",
  "lockfileVersion": 1,
  "requires": true,
  "dependencies": {
    "camel-case": {
      "version": "4.1.2",
      "resolved": "https://registry.npm.taobao.org/camel-case/download/camel-case-4.1.2.tgz?cache=0&sync_timestamp=1606867311564&other_urls=https%3A%2F%2Fregistry.npm.taobao.org%2Fcamel-case%2Fdownload%2Fcamel-case-4.1.2.tgz",
      "integrity": "sha1-lygHKpVPgFIoIlpt7qazhGHhvVo=",
      "requires": {
        "pascal-case": "^3.1.2",
        "tslib": "^2.0.3"
      }
    },
    "gatsby-node-helpers": {
      "version": "1.2.1",
      "resolved": "https://registry.npm.taobao.org/gatsby-node-helpers/download/gatsby-node-helpers-1.2.1.tgz",
      "integrity": "sha1-nSGtyqLgK6pn1L3xajuyejqE1VM=",
      "requires": {
        "camel-case": "^4.1.2",
        "pascal-case": "^3.1.2"
      }
    },
    "lower-case": {
      "version": "2.0.2",
      "resolved": "https://registry.npm.taobao.org/lower-case/download/lower-case-2.0.2.tgz?cache=0&sync_timestamp=1606867384237&other_urls=https%3A%2F%2Fregistry.npm.taobao.org%2Flower-case%2Fdownload%2Flower-case-2.0.2.tgz",
      "integrity": "sha1-b6I3xj29xKgsoP2ILkci3F5jTig=",
      "requires": {
        "tslib": "^2.0.3"
      }
    },
    "no-case": {
      "version": "3.0.4",
      "resolved": "https://registry.npm.taobao.org/no-case/download/no-case-3.0.4.tgz?cache=0&sync_timestamp=1606867284055&other_urls=https%3A%2F%2Fregistry.npm.taobao.org%2Fno-case%2Fdownload%2Fno-case-3.0.4.tgz",
      "integrity": "sha1-02H9XJgA9VhVGoNp/A3NRmK2Ek0=",
      "requires": {
        "lower-case": "^2.0.2",
        "tslib": "^2.0.3"
      }
    },
    "pascal-case": {
      "version": "3.1.2",
      "resolved": "https://registry.npm.taobao.org/pascal-case/download/pascal-case-3.1.2.tgz?cache=0&sync_timestamp=1606867255187&other_urls=https%3A%2F%2Fregistry.npm.taobao.org%2Fpascal-case%2Fdownload%2Fpascal-case-3.1.2.tgz",
      "integrity": "sha1-tI4O8rmOIF58Ha50fQsVCCN2YOs=",
      "requires": {
        "no-case": "^3.0.4",
        "tslib": "^2.0.3"
      }
    },
    "sax": {
      "version": "1.2.4",
      "resolved": "https://registry.npm.taobao.org/sax/download/sax-1.2.4.tgz",
      "integrity": "sha1-KBYjTiN4vdxOU1T6tcqold9xANk="
    },
    "tslib": {
      "version": "2.2.0",
      "resolved": "https://registry.npm.taobao.org/tslib/download/tslib-2.2.0.tgz",
      "integrity": "sha1-+yxHWXfjXiQTEe3iaTzuHsZpj1w="
    },
    "xml2js": {
      "version": "0.4.23",
      "resolved": "https://registry.npm.taobao.org/xml2js/download/xml2js-0.4.23.tgz",
      "integrity": "sha1-oMaVFnUkIesqx1juTUzPWIQ+rGY=",
      "requires": {
        "sax": ">=0.6.0",
        "xmlbuilder": "~11.0.0"
      }
    },
    "xmlbuilder": {
      "version": "11.0.1",
      "resolved": "https://registry.npm.taobao.org/xmlbuilder/download/xmlbuilder-11.0.1.tgz",
      "integrity": "sha1-vpuuHIoEbnazESdyY0fQrXACvrM="
    }
  }
}
